
Microsoft Visual Studio Solution File, Format Version 12.00
# Visual Studio 2013
VisualStudioVersion = 12.0.30723.0
MinimumVisualStudioVersion = 10.0.40219.1
Project("{D954291E-2A0B-460D-934E-DC6B0785DB48}") = "MeetMeet", "MeetMeet\MeetMeet\MeetMeet.shproj", "{5BA1D5D1-BEA2-4217-8CC7-FAF60A9ADB82}"
EndProject
Project("{FAE04EC0-301F-11D3-BF4B-00C04F79EFBC}") = "MeetMeet.WinPhone", "MeetMeet\MeetMeet.WinPhone\MeetMeet.WinPhone.csproj", "{1E3C81F0-B7D2-44B0-BE7F-F5156A6DA482}"
EndProject
Project("{FAE04EC0-301F-11D3-BF4B-00C04F79EFBC}") = "MeetMeet.iOS", "MeetMeet\MeetMeet.iOS\MeetMeet.iOS.csproj", "{F5FA4723-F517-40A8-BB31-2D366926CFB0}"
EndProject
Project("{FAE04EC0-301F-11D3-BF4B-00C04F79EFBC}") = "MeetMeet.Android", "MeetMeet\MeetMeet.Android\MeetMeet.Android.csproj", "{60FDCABC-CBED-4903-8C8F-DDAA42514C6E}"
EndProject
Project("{2150E333-8FDC-42A3-9474-1A3956D46DE8}") = ".nuget", ".nuget", "{24B4ADAD-A9C5-4D63-A7A8-D517401CF363}"
	ProjectSection(SolutionItems) = preProject
		.nuget\NuGet.Config = .nuget\NuGet.Config
		.nuget\NuGet.exe = .nuget\NuGet.exe
		.nuget\NuGet.targets = .nuget\NuGet.targets
	EndProjectSection
EndProject
Global
	GlobalSection(SharedMSBuildProjectFiles) = preSolution
		MeetMeet\MeetMeet\MeetMeet.projitems*{5ba1d5d1-bea2-4217-8cc7-faf60a9adb82}*SharedItemsImports = 13
		MeetMeet\MeetMeet\MeetMeet.projitems*{f5fa4723-f517-40a8-bb31-2d366926cfb0}*SharedItemsImports = 4
		MeetMeet\MeetMeet\MeetMeet.projitems*{1e3c81f0-b7d2-44b0-be7f-f5156a6da482}*SharedItemsImports = 4
		MeetMeet\MeetMeet\MeetMeet.projitems*{60fdcabc-cbed-4903-8c8f-ddaa42514c6e}*SharedItemsImports = 4
	EndGlobalSection
	GlobalSection(SolutionConfigurationPlatforms) = preSolution
		Ad-Hoc|Any CPU = Ad-Hoc|Any CPU
		Ad-Hoc|ARM = Ad-Hoc|ARM
		Ad-Hoc|iPhone = Ad-Hoc|iPhone
		Ad-Hoc|iPhoneSimulator = Ad-Hoc|iPhoneSimulator
		Ad-Hoc|Mixed Platforms = Ad-Hoc|Mixed Platforms
		Ad-Hoc|x86 = Ad-Hoc|x86
		AppStore|Any CPU = AppStore|Any CPU
		AppStore|ARM = AppStore|ARM
		AppStore|iPhone = AppStore|iPhone
		AppStore|iPhoneSimulator = AppStore|iPhoneSimulator
		AppStore|Mixed Platforms = AppStore|Mixed Platforms
		AppStore|x86 = AppStore|x86
		Debug|Any CPU = Debug|Any CPU
		Debug|ARM = Debug|ARM
		Debug|iPhone = Debug|iPhone
		Debug|iPhoneSimulator = Debug|iPhoneSimulator
		Debug|Mixed Platforms = Debug|Mixed Platforms
		Debug|x86 = Debug|x86
		Release|Any CPU = Release|Any CPU
		Release|ARM = Release|ARM
		Release|iPhone = Release|iPhone
		Release|iPhoneSimulator = Release|iPhoneSimulator
		Release|Mixed Platforms = Release|Mixed Platforms
		Release|x86 = Release|x86
	EndGlobalSection
	GlobalSection(ProjectConfigurationPlatforms) = postSolution
		{1E3C81F0-B7D2-44B0-BE7F-F5156A6DA482}.Ad-Hoc|Any CPU.ActiveCfg = Release|Any CPU
		{1E3C81F0-B7D2-44B0-BE7F-F5156A6DA482}.Ad-Hoc|Any CPU.Build.0 = Release|Any CPU
		{1E3C81F0-B7D2-44B0-BE7F-F5156A6DA482}.Ad-Hoc|Any CPU.Deploy.0 = Release|Any CPU
		{1E3C81F0-B7D2-44B0-BE7F-F5156A6DA482}.Ad-Hoc|ARM.ActiveCfg = Release|ARM
		{1E3C81F0-B7D2-44B0-BE7F-F5156A6DA482}.Ad-Hoc|ARM.Build.0 = Release|ARM
		{1E3C81F0-B7D2-44B0-BE7F-F5156A6DA482}.Ad-Hoc|ARM.Deploy.0 = Release|ARM
		{1E3C81F0-B7D2-44B0-BE7F-F5156A6DA482}.Ad-Hoc|iPhone.ActiveCfg = Release|Any CPU
		{1E3C81F0-B7D2-44B0-BE7F-F5156A6DA482}.Ad-Hoc|iPhoneSimulator.ActiveCfg = Release|Any CPU
		{1E3C81F0-B7D2-44B0-BE7F-F5156A6DA482}.Ad-Hoc|Mixed Platforms.ActiveCfg = Release|x86
		{1E3C81F0-B7D2-44B0-BE7F-F5156A6DA482}.Ad-Hoc|Mixed Platforms.Build.0 = Release|x86
		{1E3C81F0-B7D2-44B0-BE7F-F5156A6DA482}.Ad-Hoc|Mixed Platforms.Deploy.0 = Release|x86
		{1E3C81F0-B7D2-44B0-BE7F-F5156A6DA482}.Ad-Hoc|x86.ActiveCfg = Release|x86
		{1E3C81F0-B7D2-44B0-BE7F-F5156A6DA482}.Ad-Hoc|x86.Build.0 = Release|x86
		{1E3C81F0-B7D2-44B0-BE7F-F5156A6DA482}.Ad-Hoc|x86.Deploy.0 = Release|x86
		{1E3C81F0-B7D2-44B0-BE7F-F5156A6DA482}.AppStore|Any CPU.ActiveCfg = Release|Any CPU
		{1E3C81F0-B7D2-44B0-BE7F-F5156A6DA482}.AppStore|Any CPU.Build.0 = Release|Any CPU
		{1E3C81F0-B7D2-44B0-BE7F-F5156A6DA482}.AppStore|Any CPU.Deploy.0 = Release|Any CPU
		{1E3C81F0-B7D2-44B0-BE7F-F5156A6DA482}.AppStore|ARM.ActiveCfg = Release|ARM
		{1E3C81F0-B7D2-44B0-BE7F-F5156A6DA482}.AppStore|ARM.Build.0 = Release|ARM
		{1E3C81F0-B7D2-44B0-BE7F-F5156A6DA482}.AppStore|ARM.Deploy.0 = Release|ARM
		{1E3C81F0-B7D2-44B0-BE7F-F5156A6DA482}.AppStore|iPhone.ActiveCfg = Release|Any CPU
		{1E3C81F0-B7D2-44B0-BE7F-F5156A6DA482}.AppStore|iPhoneSimulator.ActiveCfg = Release|Any CPU
		{1E3C81F0-B7D2-44B0-BE7F-F5156A6DA482}.AppStore|Mixed Platforms.ActiveCfg = Release|x86
		{1E3C81F0-B7D2-44B0-BE7F-F5156A6DA482}.AppStore|Mixed Platforms.Build.0 = Release|x86
		{1E3C81F0-B7D2-44B0-BE7F-F5156A6DA482}.AppStore|Mixed Platforms.Deploy.0 = Release|x86
		{1E3C81F0-B7D2-44B0-BE7F-F5156A6DA482}.AppStore|x86.ActiveCfg = Release|x86
		{1E3C81F0-B7D2-44B0-BE7F-F5156A6DA482}.AppStore|x86.Build.0 = Release|x86
		{1E3C81F0-B7D2-44B0-BE7F-F5156A6DA482}.AppStore|x86.Deploy.0 = Release|x86
		{1E3C81F0-B7D2-44B0-BE7F-F5156A6DA482}.Debug|Any CPU.ActiveCfg = Debug|Any CPU
		{1E3C81F0-B7D2-44B0-BE7F-F5156A6DA482}.Debug|Any CPU.Build.0 = Debug|Any CPU
		{1E3C81F0-B7D2-44B0-BE7F-F5156A6DA482}.Debug|Any CPU.Deploy.0 = Debug|Any CPU
		{1E3C81F0-B7D2-44B0-BE7F-F5156A6DA482}.Debug|ARM.ActiveCfg = Debug|ARM
		{1E3C81F0-B7D2-44B0-BE7F-F5156A6DA482}.Debug|ARM.Build.0 = Debug|ARM
		{1E3C81F0-B7D2-44B0-BE7F-F5156A6DA482}.Debug|ARM.Deploy.0 = Debug|ARM
		{1E3C81F0-B7D2-44B0-BE7F-F5156A6DA482}.Debug|iPhone.ActiveCfg = Debug|Any CPU
		{1E3C81F0-B7D2-44B0-BE7F-F5156A6DA482}.Debug|iPhoneSimulator.ActiveCfg = Debug|Any CPU
		{1E3C81F0-B7D2-44B0-BE7F-F5156A6DA482}.Debug|iPhoneSimulator.Build.0 = Debug|Any CPU
		{1E3C81F0-B7D2-44B0-BE7F-F5156A6DA482}.Debug|iPhoneSimulator.Deploy.0 = Debug|Any CPU
		{1E3C81F0-B7D2-44B0-BE7F-F5156A6DA482}.Debug|Mixed Platforms.ActiveCfg = Debug|x86
		{1E3C81F0-B7D2-44B0-BE7F-F5156A6DA482}.Debug|Mixed Platforms.Build.0 = Debug|x86
		{1E3C81F0-B7D2-44B0-BE7F-F5156A6DA482}.Debug|Mixed Platforms.Deploy.0 = Debug|x86
		{1E3C81F0-B7D2-44B0-BE7F-F5156A6DA482}.Debug|x86.ActiveCfg = Debug|x86
		{1E3C81F0-B7D2-44B0-BE7F-F5156A6DA482}.Debug|x86.Build.0 = Debug|x86
		{1E3C81F0-B7D2-44B0-BE7F-F5156A6DA482}.Debug|x86.Deploy.0 = Debug|x86
		{1E3C81F0-B7D2-44B0-BE7F-F5156A6DA482}.Release|Any CPU.ActiveCfg = Release|Any CPU
		{1E3C81F0-B7D2-44B0-BE7F-F5156A6DA482}.Release|Any CPU.Build.0 = Release|Any CPU
		{1E3C81F0-B7D2-44B0-BE7F-F5156A6DA482}.Release|Any CPU.Deploy.0 = Release|Any CPU
		{1E3C81F0-B7D2-44B0-BE7F-F5156A6DA482}.Release|ARM.ActiveCfg = Release|ARM
		{1E3C81F0-B7D2-44B0-BE7F-F5156A6DA482}.Release|ARM.Build.0 = Release|ARM
		{1E3C81F0-B7D2-44B0-BE7F-F5156A6DA482}.Release|ARM.Deploy.0 = Release|ARM
		{1E3C81F0-B7D2-44B0-BE7F-F5156A6DA482}.Release|iPhone.ActiveCfg = Release|Any CPU
		{1E3C81F0-B7D2-44B0-BE7F-F5156A6DA482}.Release|iPhoneSimulator.ActiveCfg = Release|Any CPU
		{1E3C81F0-B7D2-44B0-BE7F-F5156A6DA482}.Release|Mixed Platforms.ActiveCfg = Release|x86
		{1E3C81F0-B7D2-44B0-BE7F-F5156A6DA482}.Release|Mixed Platforms.Build.0 = Release|x86
		{1E3C81F0-B7D2-44B0-BE7F-F5156A6DA482}.Release|Mixed Platforms.Deploy.0 = Release|x86
		{1E3C81F0-B7D2-44B0-BE7F-F5156A6DA482}.Release|x86.ActiveCfg = Release|x86
		{1E3C81F0-B7D2-44B0-BE7F-F5156A6DA482}.Release|x86.Build.0 = Release|x86
		{1E3C81F0-B7D2-44B0-BE7F-F5156A6DA482}.Release|x86.Deploy.0 = Release|x86
		{F5FA4723-F517-40A8-BB31-2D366926CFB0}.Ad-Hoc|Any CPU.ActiveCfg = Ad-Hoc|iPhone
		{F5FA4723-F517-40A8-BB31-2D366926CFB0}.Ad-Hoc|ARM.ActiveCfg = Ad-Hoc|iPhone
		{F5FA4723-F517-40A8-BB31-2D366926CFB0}.Ad-Hoc|iPhone.ActiveCfg = Ad-Hoc|iPhone
		{F5FA4723-F517-40A8-BB31-2D366926CFB0}.Ad-Hoc|iPhone.Build.0 = Ad-Hoc|iPhone
		{F5FA4723-F517-40A8-BB31-2D366926CFB0}.Ad-Hoc|iPhoneSimulator.ActiveCfg = Ad-Hoc|iPhoneSimulator
		{F5FA4723-F517-40A8-BB31-2D366926CFB0}.Ad-Hoc|iPhoneSimulator.Build.0 = Ad-Hoc|iPhoneSimulator
		{F5FA4723-F517-40A8-BB31-2D366926CFB0}.Ad-Hoc|Mixed Platforms.ActiveCfg = Ad-Hoc|iPhone
		{F5FA4723-F517-40A8-BB31-2D366926CFB0}.Ad-Hoc|Mixed Platforms.Build.0 = Ad-Hoc|iPhone
		{F5FA4723-F517-40A8-BB31-2D366926CFB0}.Ad-Hoc|x86.ActiveCfg = Ad-Hoc|iPhone
		{F5FA4723-F517-40A8-BB31-2D366926CFB0}.AppStore|Any CPU.ActiveCfg = AppStore|iPhone
		{F5FA4723-F517-40A8-BB31-2D366926CFB0}.AppStore|ARM.ActiveCfg = AppStore|iPhone
		{F5FA4723-F517-40A8-BB31-2D366926CFB0}.AppStore|iPhone.ActiveCfg = AppStore|iPhone
		{F5FA4723-F517-40A8-BB31-2D366926CFB0}.AppStore|iPhone.Build.0 = AppStore|iPhone
		{F5FA4723-F517-40A8-BB31-2D366926CFB0}.AppStore|iPhoneSimulator.ActiveCfg = AppStore|iPhoneSimulator
		{F5FA4723-F517-40A8-BB31-2D366926CFB0}.AppStore|iPhoneSimulator.Build.0 = AppStore|iPhoneSimulator
		{F5FA4723-F517-40A8-BB31-2D366926CFB0}.AppStore|Mixed Platforms.ActiveCfg = AppStore|iPhone
		{F5FA4723-F517-40A8-BB31-2D366926CFB0}.AppStore|Mixed Platforms.Build.0 = AppStore|iPhone
		{F5FA4723-F517-40A8-BB31-2D366926CFB0}.AppStore|x86.ActiveCfg = AppStore|iPhone
		{F5FA4723-F517-40A8-BB31-2D366926CFB0}.Debug|Any CPU.ActiveCfg = Debug|iPhone
		{F5FA4723-F517-40A8-BB31-2D366926CFB0}.Debug|ARM.ActiveCfg = Debug|iPhone
		{F5FA4723-F517-40A8-BB31-2D366926CFB0}.Debug|iPhone.ActiveCfg = Debug|iPhone
		{F5FA4723-F517-40A8-BB31-2D366926CFB0}.Debug|iPhone.Build.0 = Debug|iPhone
		{F5FA4723-F517-40A8-BB31-2D366926CFB0}.Debug|iPhoneSimulator.ActiveCfg = Debug|iPhoneSimulator
		{F5FA4723-F517-40A8-BB31-2D366926CFB0}.Debug|iPhoneSimulator.Build.0 = Debug|iPhoneSimulator
		{F5FA4723-F517-40A8-BB31-2D366926CFB0}.Debug|Mixed Platforms.ActiveCfg = Debug|iPhone
		{F5FA4723-F517-40A8-BB31-2D366926CFB0}.Debug|Mixed Platforms.Build.0 = Debug|iPhone
		{F5FA4723-F517-40A8-BB31-2D366926CFB0}.Debug|x86.ActiveCfg = Debug|iPhone
		{F5FA4723-F517-40A8-BB31-2D366926CFB0}.Release|Any CPU.ActiveCfg = Release|iPhone
		{F5FA4723-F517-40A8-BB31-2D366926CFB0}.Release|ARM.ActiveCfg = Release|iPhone
		{F5FA4723-F517-40A8-BB31-2D366926CFB0}.Release|iPhone.ActiveCfg = Release|iPhone
		{F5FA4723-F517-40A8-BB31-2D366926CFB0}.Release|iPhone.Build.0 = Release|iPhone
		{F5FA4723-F517-40A8-BB31-2D366926CFB0}.Release|iPhoneSimulator.ActiveCfg = Release|iPhoneSimulator
		{F5FA4723-F517-40A8-BB31-2D366926CFB0}.Release|iPhoneSimulator.Build.0 = Release|iPhoneSimulator
		{F5FA4723-F517-40A8-BB31-2D366926CFB0}.Release|Mixed Platforms.ActiveCfg = Release|iPhone
		{F5FA4723-F517-40A8-BB31-2D366926CFB0}.Release|Mixed Platforms.Build.0 = Release|iPhone
		{F5FA4723-F517-40A8-BB31-2D366926CFB0}.Release|x86.ActiveCfg = Release|iPhone
		{60FDCABC-CBED-4903-8C8F-DDAA42514C6E}.Ad-Hoc|Any CPU.ActiveCfg = Release|Any CPU
		{60FDCABC-CBED-4903-8C8F-DDAA42514C6E}.Ad-Hoc|Any CPU.Build.0 = Release|Any CPU
		{60FDCABC-CBED-4903-8C8F-DDAA42514C6E}.Ad-Hoc|Any CPU.Deploy.0 = Release|Any CPU
		{60FDCABC-CBED-4903-8C8F-DDAA42514C6E}.Ad-Hoc|ARM.ActiveCfg = Release|Any CPU
		{60FDCABC-CBED-4903-8C8F-DDAA42514C6E}.Ad-Hoc|iPhone.ActiveCfg = Release|Any CPU
		{60FDCABC-CBED-4903-8C8F-DDAA42514C6E}.Ad-Hoc|iPhoneSimulator.ActiveCfg = Release|Any CPU
		{60FDCABC-CBED-4903-8C8F-DDAA42514C6E}.Ad-Hoc|Mixed Platforms.ActiveCfg = Release|Any CPU
		{60FDCABC-CBED-4903-8C8F-DDAA42514C6E}.Ad-Hoc|Mixed Platforms.Build.0 = Release|Any CPU
		{60FDCABC-CBED-4903-8C8F-DDAA42514C6E}.Ad-Hoc|Mixed Platforms.Deploy.0 = Release|Any CPU
		{60FDCABC-CBED-4903-8C8F-DDAA42514C6E}.Ad-Hoc|x86.ActiveCfg = Release|Any CPU
		{60FDCABC-CBED-4903-8C8F-DDAA42514C6E}.AppStore|Any CPU.ActiveCfg = Release|Any CPU
		{60FDCABC-CBED-4903-8C8F-DDAA42514C6E}.AppStore|Any CPU.Build.0 = Release|Any CPU
		{60FDCABC-CBED-4903-8C8F-DDAA42514C6E}.AppStore|Any CPU.Deploy.0 = Release|Any CPU
		{60FDCABC-CBED-4903-8C8F-DDAA42514C6E}.AppStore|ARM.ActiveCfg = Release|Any CPU
		{60FDCABC-CBED-4903-8C8F-DDAA42514C6E}.AppStore|iPhone.ActiveCfg = Release|Any CPU
		{60FDCABC-CBED-4903-8C8F-DDAA42514C6E}.AppStore|iPhoneSimulator.ActiveCfg = Release|Any CPU
		{60FDCABC-CBED-4903-8C8F-DDAA42514C6E}.AppStore|Mixed Platforms.ActiveCfg = Release|Any CPU
		{60FDCABC-CBED-4903-8C8F-DDAA42514C6E}.AppStore|Mixed Platforms.Build.0 = Release|Any CPU
		{60FDCABC-CBED-4903-8C8F-DDAA42514C6E}.AppStore|Mixed Platforms.Deploy.0 = Release|Any CPU
		{60FDCABC-CBED-4903-8C8F-DDAA42514C6E}.AppStore|x86.ActiveCfg = Release|Any CPU
		{60FDCABC-CBED-4903-8C8F-DDAA42514C6E}.Debug|Any CPU.ActiveCfg = Debug|Any CPU
		{60FDCABC-CBED-4903-8C8F-DDAA42514C6E}.Debug|Any CPU.Build.0 = Debug|Any CPU
		{60FDCABC-CBED-4903-8C8F-DDAA42514C6E}.Debug|Any CPU.Deploy.0 = Debug|Any CPU
		{60FDCABC-CBED-4903-8C8F-DDAA42514C6E}.Debug|ARM.ActiveCfg = Debug|Any CPU
		{60FDCABC-CBED-4903-8C8F-DDAA42514C6E}.Debug|iPhone.ActiveCfg = Debug|Any CPU
		{60FDCABC-CBED-4903-8C8F-DDAA42514C6E}.Debug|iPhoneSimulator.ActiveCfg = Debug|Any CPU
		{60FDCABC-CBED-4903-8C8F-DDAA42514C6E}.Debug|iPhoneSimulator.Build.0 = Debug|Any CPU
		{60FDCABC-CBED-4903-8C8F-DDAA42514C6E}.Debug|iPhoneSimulator.Deploy.0 = Debug|Any CPU
		{60FDCABC-CBED-4903-8C8F-DDAA42514C6E}.Debug|Mixed Platforms.ActiveCfg = Debug|Any CPU
		{60FDCABC-CBED-4903-8C8F-DDAA42514C6E}.Debug|Mixed Platforms.Build.0 = Debug|Any CPU
		{60FDCABC-CBED-4903-8C8F-DDAA42514C6E}.Debug|Mixed Platforms.Deploy.0 = Debug|Any CPU
		{60FDCABC-CBED-4903-8C8F-DDAA42514C6E}.Debug|x86.ActiveCfg = Debug|Any CPU
		{60FDCABC-CBED-4903-8C8F-DDAA42514C6E}.Release|Any CPU.ActiveCfg = Release|Any CPU
		{60FDCABC-CBED-4903-8C8F-DDAA42514C6E}.Release|Any CPU.Build.0 = Release|Any CPU
		{60FDCABC-CBED-4903-8C8F-DDAA42514C6E}.Release|Any CPU.Deploy.0 = Release|Any CPU
		{60FDCABC-CBED-4903-8C8F-DDAA42514C6E}.Release|ARM.ActiveCfg = Release|Any CPU
		{60FDCABC-CBED-4903-8C8F-DDAA42514C6E}.Release|iPhone.ActiveCfg = Release|Any CPU
		{60FDCABC-CBED-4903-8C8F-DDAA42514C6E}.Release|iPhoneSimulator.ActiveCfg = Release|Any CPU
		{60FDCABC-CBED-4903-8C8F-DDAA42514C6E}.Release|Mixed Platforms.ActiveCfg = Release|Any CPU
		{60FDCABC-CBED-4903-8C8F-DDAA42514C6E}.Release|Mixed Platforms.Build.0 = Release|Any CPU
		{60FDCABC-CBED-4903-8C8F-DDAA42514C6E}.Release|Mixed Platforms.Deploy.0 = Release|Any CPU
		{60FDCABC-CBED-4903-8C8F-DDAA42514C6E}.Release|x86.ActiveCfg = Release|Any CPU
	EndGlobalSection
	GlobalSection(SolutionProperties) = preSolution
		HideSolutionNode = FALSE
	EndGlobalSection
EndGlobal
